
Microsoft Visual Studio Solution File, Format Version 12.00
# Visual Studio Version 17
VisualStudioVersion = 17.7.34202.233
MinimumVisualStudioVersion = 10.0.40219.1
Project("{FAE04EC0-301F-11D3-BF4B-00C04F79EFBC}") = "labar", "labar\labar.csproj", "{67FF622A-BF07-4FD8-9E6F-F07F1FF3050E}"
EndProject
Global
	GlobalSection(SolutionConfigurationPlatforms) = preSolution
		Debug|Any CPU = Debug|Any CPU
		Release|Any CPU = Release|Any CPU
	EndGlobalSection
	GlobalSection(ProjectConfigurationPlatforms) = postSolution
		{67FF622A-BF07-4FD8-9E6F-F07F1FF3050E}.Debug|Any CPU.ActiveCfg = Debug|Any CPU
		{67FF622A-BF07-4FD8-9E6F-F07F1FF3050E}.Debug|Any CPU.Build.0 = Debug|Any CPU
		{67FF622A-BF07-4FD8-9E6F-F07F1FF3050E}.Release|Any CPU.ActiveCfg = Release|Any CPU
		{67FF622A-BF07-4FD8-9E6F-F07F1FF3050E}.Release|Any CPU.Build.0 = Release|Any CPU
	EndGlobalSection
	GlobalSection(SolutionProperties) = preSolution
		HideSolutionNode = FALSE
	EndGlobalSection
	GlobalSection(ExtensibilityGlobals) = postSolution
		SolutionGuid = {E6B44085-2EE9-4F84-8BFB-9B91E06CC7BF}
	EndGlobalSection
EndGlobal
